PODS:
  - CocoaAsyncSocket (7.6.3)
  - SwiftyTimer (2.0.0)

DEPENDENCIES:
  - CocoaAsyncSocket
  - SwiftyTimer

SPEC REPOS:
  https://github.com/cocoapods/specs.git:
    - CocoaAsyncSocket
    - SwiftyTimer

SPEC CHECKSUMS:
  CocoaAsyncSocket: eafaa68a7e0ec99ead0a7b35015e0bf25d2c8987
  SwiftyTimer: 2efd74b060d69ad4f1496baf5bbedbe132125fcf

PODFILE CHECKSUM: 84ecd404a62d14239e9c8d31614c7f115f2c4cd4

COCOAPODS: 1.5.3
